
Microsoft Visual Studio Solution File, Format Version 12.00
# Visual Studio Version 16
VisualStudioVersion = 16.0.31624.102
MinimumVisualStudioVersion = 10.0.40219.1
Project("{FAE04EC0-301F-11D3-BF4B-00C04F79EFBC}") = "常量", "常量_枚举_结构\常量.csproj", "{B0260C3C-D5FD-4222-8E26-C5D50F0B7CC0}"
EndProject
Project("{FAE04EC0-301F-11D3-BF4B-00C04F79EFBC}") = "枚举", "枚举\枚举.csproj", "{360CE0B7-472C-4881-A23A-E5532634469F}"
EndProject
Project("{FAE04EC0-301F-11D3-BF4B-00C04F79EFBC}") = "枚举练习", "枚举练习\枚举练习.csproj", "{742389BC-8577-45C5-8F49-56473224EBF5}"
EndProject
Project("{FAE04EC0-301F-11D3-BF4B-00C04F79EFBC}") = "枚举和int以及string之间的转换", "枚举和int以及string之间的转换\枚举和int以及string之间的转换.csproj", "{3ADAA9BD-2D08-4D9C-823A-4301D1C77472}"
EndProject
Project("{FAE04EC0-301F-11D3-BF4B-00C04F79EFBC}") = "枚举的转换练习", "枚举的转换练习\枚举的转换练习.csproj", "{1EE11F20-66D8-45C3-95B1-63113C5E6910}"
EndProject
Project("{FAE04EC0-301F-11D3-BF4B-00C04F79EFBC}") = "结构", "结构\结构.csproj", "{E075B550-55C9-4EF8-9825-E0296D6E89FD}"
EndProject
Project("{FAE04EC0-301F-11D3-BF4B-00C04F79EFBC}") = "结构_练习", "结构_练习\结构_练习.csproj", "{4750473F-C415-48DD-8A1E-3A4F208F6A08}"
EndProject
Project("{FAE04EC0-301F-11D3-BF4B-00C04F79EFBC}") = "复杂数据类型_数组的定义", "复杂数据类型_数组的定义\复杂数据类型_数组的定义.csproj", "{34361D32-5E9C-41DC-8515-247642CEDF19}"
EndProject
Project("{FAE04EC0-301F-11D3-BF4B-00C04F79EFBC}") = "数组练习", "数组练习\数组练习.csproj", "{B358478B-885D-43AE-AD65-0C177622AB21}"
EndProject
Project("{FAE04EC0-301F-11D3-BF4B-00C04F79EFBC}") = "冒泡排序", "冒泡排序\冒泡排序.csproj", "{7D560572-59A4-4698-B293-AFDB778452C5}"
EndProject
Project("{FAE04EC0-301F-11D3-BF4B-00C04F79EFBC}") = "方法（函数）练习", "方法（函数）概念\方法（函数）练习.csproj", "{605D41B9-D2F0-4700-868B-98DB1C75F650}"
EndProject
Project("{FAE04EC0-301F-11D3-BF4B-00C04F79EFBC}") = "return关键字", "return关键字\return关键字.csproj", "{D35284F9-FC16-414B-9B98-F30B7446BD61}"
EndProject
Project("{FAE04EC0-301F-11D3-BF4B-00C04F79EFBC}") = "方法函数练习", "方法函数练习\方法函数练习.csproj", "{8F245DB5-F466-431F-B998-52E15B8DC76C}"
EndProject
Project("{FAE04EC0-301F-11D3-BF4B-00C04F79EFBC}") = "方法的调用_传参", "方法的调用\方法的调用_传参.csproj", "{E6195B95-C089-4F4D-8892-CE7ED942A463}"
EndProject
Project("{FAE04EC0-301F-11D3-BF4B-00C04F79EFBC}") = "方法：判断一个年份是不是闰年", "方法：判断一个年份是不是闰年\方法：判断一个年份是不是闰年.csproj", "{0F479CF3-7CC1-44DB-8B84-643FD9311FB1}"
EndProject
Project("{FAE04EC0-301F-11D3-BF4B-00C04F79EFBC}") = "方法GetNumber", "方法练习题 2\方法GetNumber.csproj", "{BEE17875-E4FB-45D1-8B85-F9BE9F4B1597}"
EndProject
Project("{FAE04EC0-301F-11D3-BF4B-00C04F79EFBC}") = "方法练习题3_数组的传参", "方法练习题3\方法练习题3_数组的传参.csproj", "{1E66CD72-0621-4900-B93E-DBC02886E1A9}"
EndProject
Project("{FAE04EC0-301F-11D3-BF4B-00C04F79EFBC}") = "方法练习_允许用户输入yes或no并返回输入值", "方法练习题4\方法练习_允许用户输入yes或no并返回输入值.csproj", "{38A8827B-546F-436E-B3D3-401BB076DA82}"
EndProject
Project("{FAE04EC0-301F-11D3-BF4B-00C04F79EFBC}") = "out参数", "out参数\out参数.csproj", "{88EE6745-6968-4F7D-85F4-70B2129C2981}"
EndProject
Project("{FAE04EC0-301F-11D3-BF4B-00C04F79EFBC}") = "out参数做登录练习", "out参数做登录练习\out参数做登录练习.csproj", "{F4C747C6-86AA-4192-8075-EE6E285B4740}"
EndProject
Project("{FAE04EC0-301F-11D3-BF4B-00C04F79EFBC}") = "out参数做TryParse", "out参数做tryparse\out参数做TryParse.csproj", "{5BA6FC2E-D82C-4D28-AE64-A712CA9D2295}"
EndProject
Project("{FAE04EC0-301F-11D3-BF4B-00C04F79EFBC}") = "ref参数", "ref参数\ref参数.csproj", "{5F0ED115-ADBD-4745-BDDE-71E1351BB35E}"
EndProject
Project("{FAE04EC0-301F-11D3-BF4B-00C04F79EFBC}") = "ref参数练习", "ref\ref参数练习.csproj", "{1792D6B3-3197-4C2F-8ADB-6E9E9348C7F7}"
EndProject
Project("{FAE04EC0-301F-11D3-BF4B-00C04F79EFBC}") = "params可变参数", "params可变参数\params可变参数.csproj", "{9E964B0B-AAAB-4F7A-AC59-EC5C6E87F2B8}"
EndProject
Project("{FAE04EC0-301F-11D3-BF4B-00C04F79EFBC}") = "params可变参数练习_求任意长度数组的最大值_整数类型", "params可变参数练习_求任意长度数组的最大值_整数类型\params可变参数练习_求任意长度数组的最大值_整数类型.csproj", "{C2205D71-FD53-44CF-A56A-2DC853938147}"
EndProject
Project("{FAE04EC0-301F-11D3-BF4B-00C04F79EFBC}") = "方法的重载", "方法的重载\方法的重载.csproj", "{EB4D1700-201C-4571-8F9E-045A5C1AC1CA}"
EndProject
Project("{FAE04EC0-301F-11D3-BF4B-00C04F79EFBC}") = "方法的递归", "方法的递归\方法的递归.csproj", "{A016ECE6-C730-499B-8890-D5E8C32699C2}"
EndProject
Project("{FAE04EC0-301F-11D3-BF4B-00C04F79EFBC}") = "方法练习_计算这两个数字之间，所有整数的和", "方法总复习_最后的练习\方法练习_计算这两个数字之间，所有整数的和.csproj", "{C65EFFDF-8C79-4D0C-975F-DE070471CA3E}"
EndProject
Project("{FAE04EC0-301F-11D3-BF4B-00C04F79EFBC}") = "方法练习_输出字符串数组中最长的字符串", "方法最后的练习2\方法练习_输出字符串数组中最长的字符串.csproj", "{EEDF7BA9-CC87-4505-AD49-A7103D15C75A}"
EndProject
Project("{FAE04EC0-301F-11D3-BF4B-00C04F79EFBC}") = "方法练习_计算一个整型数组的平均值，保留两位小数", "方法最后的练习3\方法练习_计算一个整型数组的平均值，保留两位小数.csproj", "{A339A22F-D775-4255-B094-279A498F5CE1}"
EndProject
Project("{FAE04EC0-301F-11D3-BF4B-00C04F79EFBC}") = "方法练习 判断质数", "方法练习 判断质数\方法练习 判断质数.csproj", "{F28B254E-4D29-40FB-905E-A2E45F0333E5}"
EndProject
Project("{FAE04EC0-301F-11D3-BF4B-00C04F79EFBC}") = "方法练习_输入分数_判断等级", "方法练习_输入分数_判断等级\方法练习_输入分数_判断等级.csproj", "{E7C7C1C9-12AD-470A-B438-A04CD1B86EAC}"
EndProject
Project("{FAE04EC0-301F-11D3-BF4B-00C04F79EFBC}") = "方法练习_反转字符串数组中的字符", "方法练习_反转字符串数组中的字符\方法练习_反转字符串数组中的字符.csproj", "{9D31825A-828A-4E96-8555-713C6414D188}"
EndProject
Project("{FAE04EC0-301F-11D3-BF4B-00C04F79EFBC}") = "方法练习_计算圆的面积和周长", "方法练习_计算圆的面积和周长\方法练习_计算圆的面积和周长.csproj", "{21215779-772D-427C-ABC6-39E7B8D3A975}"
EndProject
Project("{FAE04EC0-301F-11D3-BF4B-00C04F79EFBC}") = "方法练习_计算任意多个数间的最大值", "方法练习_计算任意多个数间的最大值\方法练习_计算任意多个数间的最大值.csproj", "{19905397-F61A-4771-88F0-2399D28330A4}"
EndProject
Project("{FAE04EC0-301F-11D3-BF4B-00C04F79EFBC}") = "方法练习_冒泡排序", "方法练习_冒泡排序\方法练习_冒泡排序.csproj", "{A9B6C476-113B-4DB3-A12B-641A1FF08BD1}"
EndProject
Project("{FAE04EC0-301F-11D3-BF4B-00C04F79EFBC}") = "方法练习_分割字符串数组", "方法练习_分割字符串数组\方法练习_分割字符串数组.csproj", "{3982503E-0A8F-4EFD-89C4-90150480DE5B}"
EndProject
Global
	GlobalSection(SolutionConfigurationPlatforms) = preSolution
		Debug|Any CPU = Debug|Any CPU
		Release|Any CPU = Release|Any CPU
	EndGlobalSection
	GlobalSection(ProjectConfigurationPlatforms) = postSolution
		{B0260C3C-D5FD-4222-8E26-C5D50F0B7CC0}.Debug|Any CPU.ActiveCfg = Debug|Any CPU
		{B0260C3C-D5FD-4222-8E26-C5D50F0B7CC0}.Debug|Any CPU.Build.0 = Debug|Any CPU
		{B0260C3C-D5FD-4222-8E26-C5D50F0B7CC0}.Release|Any CPU.ActiveCfg = Release|Any CPU
		{B0260C3C-D5FD-4222-8E26-C5D50F0B7CC0}.Release|Any CPU.Build.0 = Release|Any CPU
		{360CE0B7-472C-4881-A23A-E5532634469F}.Debug|Any CPU.ActiveCfg = Debug|Any CPU
		{360CE0B7-472C-4881-A23A-E5532634469F}.Debug|Any CPU.Build.0 = Debug|Any CPU
		{360CE0B7-472C-4881-A23A-E5532634469F}.Release|Any CPU.ActiveCfg = Release|Any CPU
		{360CE0B7-472C-4881-A23A-E5532634469F}.Release|Any CPU.Build.0 = Release|Any CPU
		{742389BC-8577-45C5-8F49-56473224EBF5}.Debug|Any CPU.ActiveCfg = Debug|Any CPU
		{742389BC-8577-45C5-8F49-56473224EBF5}.Debug|Any CPU.Build.0 = Debug|Any CPU
		{742389BC-8577-45C5-8F49-56473224EBF5}.Release|Any CPU.ActiveCfg = Release|Any CPU
		{742389BC-8577-45C5-8F49-56473224EBF5}.Release|Any CPU.Build.0 = Release|Any CPU
		{3ADAA9BD-2D08-4D9C-823A-4301D1C77472}.Debug|Any CPU.ActiveCfg = Debug|Any CPU
		{3ADAA9BD-2D08-4D9C-823A-4301D1C77472}.Debug|Any CPU.Build.0 = Debug|Any CPU
		{3ADAA9BD-2D08-4D9C-823A-4301D1C77472}.Release|Any CPU.ActiveCfg = Release|Any CPU
		{3ADAA9BD-2D08-4D9C-823A-4301D1C77472}.Release|Any CPU.Build.0 = Release|Any CPU
		{1EE11F20-66D8-45C3-95B1-63113C5E6910}.Debug|Any CPU.ActiveCfg = Debug|Any CPU
		{1EE11F20-66D8-45C3-95B1-63113C5E6910}.Debug|Any CPU.Build.0 = Debug|Any CPU
		{1EE11F20-66D8-45C3-95B1-63113C5E6910}.Release|Any CPU.ActiveCfg = Release|Any CPU
		{1EE11F20-66D8-45C3-95B1-63113C5E6910}.Release|Any CPU.Build.0 = Release|Any CPU
		{E075B550-55C9-4EF8-9825-E0296D6E89FD}.Debug|Any CPU.ActiveCfg = Debug|Any CPU
		{E075B550-55C9-4EF8-9825-E0296D6E89FD}.Debug|Any CPU.Build.0 = Debug|Any CPU
		{E075B550-55C9-4EF8-9825-E0296D6E89FD}.Release|Any CPU.ActiveCfg = Release|Any CPU
		{E075B550-55C9-4EF8-9825-E0296D6E89FD}.Release|Any CPU.Build.0 = Release|Any CPU
		{4750473F-C415-48DD-8A1E-3A4F208F6A08}.Debug|Any CPU.ActiveCfg = Debug|Any CPU
		{4750473F-C415-48DD-8A1E-3A4F208F6A08}.Debug|Any CPU.Build.0 = Debug|Any CPU
		{4750473F-C415-48DD-8A1E-3A4F208F6A08}.Release|Any CPU.ActiveCfg = Release|Any CPU
		{4750473F-C415-48DD-8A1E-3A4F208F6A08}.Release|Any CPU.Build.0 = Release|Any CPU
		{34361D32-5E9C-41DC-8515-247642CEDF19}.Debug|Any CPU.ActiveCfg = Debug|Any CPU
		{34361D32-5E9C-41DC-8515-247642CEDF19}.Debug|Any CPU.Build.0 = Debug|Any CPU
		{34361D32-5E9C-41DC-8515-247642CEDF19}.Release|Any CPU.ActiveCfg = Release|Any CPU
		{34361D32-5E9C-41DC-8515-247642CEDF19}.Release|Any CPU.Build.0 = Release|Any CPU
		{B358478B-885D-43AE-AD65-0C177622AB21}.Debug|Any CPU.ActiveCfg = Debug|Any CPU
		{B358478B-885D-43AE-AD65-0C177622AB21}.Debug|Any CPU.Build.0 = Debug|Any CPU
		{B358478B-885D-43AE-AD65-0C177622AB21}.Release|Any CPU.ActiveCfg = Release|Any CPU
		{B358478B-885D-43AE-AD65-0C177622AB21}.Release|Any CPU.Build.0 = Release|Any CPU
		{7D560572-59A4-4698-B293-AFDB778452C5}.Debug|Any CPU.ActiveCfg = Debug|Any CPU
		{7D560572-59A4-4698-B293-AFDB778452C5}.Debug|Any CPU.Build.0 = Debug|Any CPU
		{7D560572-59A4-4698-B293-AFDB778452C5}.Release|Any CPU.ActiveCfg = Release|Any CPU
		{7D560572-59A4-4698-B293-AFDB778452C5}.Release|Any CPU.Build.0 = Release|Any CPU
		{605D41B9-D2F0-4700-868B-98DB1C75F650}.Debug|Any CPU.ActiveCfg = Debug|Any CPU
		{605D41B9-D2F0-4700-868B-98DB1C75F650}.Debug|Any CPU.Build.0 = Debug|Any CPU
		{605D41B9-D2F0-4700-868B-98DB1C75F650}.Release|Any CPU.ActiveCfg = Release|Any CPU
		{605D41B9-D2F0-4700-868B-98DB1C75F650}.Release|Any CPU.Build.0 = Release|Any CPU
		{D35284F9-FC16-414B-9B98-F30B7446BD61}.Debug|Any CPU.ActiveCfg = Debug|Any CPU
		{D35284F9-FC16-414B-9B98-F30B7446BD61}.Debug|Any CPU.Build.0 = Debug|Any CPU
		{D35284F9-FC16-414B-9B98-F30B7446BD61}.Release|Any CPU.ActiveCfg = Release|Any CPU
		{D35284F9-FC16-414B-9B98-F30B7446BD61}.Release|Any CPU.Build.0 = Release|Any CPU
		{8F245DB5-F466-431F-B998-52E15B8DC76C}.Debug|Any CPU.ActiveCfg = Debug|Any CPU
		{8F245DB5-F466-431F-B998-52E15B8DC76C}.Debug|Any CPU.Build.0 = Debug|Any CPU
		{8F245DB5-F466-431F-B998-52E15B8DC76C}.Release|Any CPU.ActiveCfg = Release|Any CPU
		{8F245DB5-F466-431F-B998-52E15B8DC76C}.Release|Any CPU.Build.0 = Release|Any CPU
		{E6195B95-C089-4F4D-8892-CE7ED942A463}.Debug|Any CPU.ActiveCfg = Debug|Any CPU
		{E6195B95-C089-4F4D-8892-CE7ED942A463}.Debug|Any CPU.Build.0 = Debug|Any CPU
		{E6195B95-C089-4F4D-8892-CE7ED942A463}.Release|Any CPU.ActiveCfg = Release|Any CPU
		{E6195B95-C089-4F4D-8892-CE7ED942A463}.Release|Any CPU.Build.0 = Release|Any CPU
		{0F479CF3-7CC1-44DB-8B84-643FD9311FB1}.Debug|Any CPU.ActiveCfg = Debug|Any CPU
		{0F479CF3-7CC1-44DB-8B84-643FD9311FB1}.Debug|Any CPU.Build.0 = Debug|Any CPU
		{0F479CF3-7CC1-44DB-8B84-643FD9311FB1}.Release|Any CPU.ActiveCfg = Release|Any CPU
		{0F479CF3-7CC1-44DB-8B84-643FD9311FB1}.Release|Any CPU.Build.0 = Release|Any CPU
		{BEE17875-E4FB-45D1-8B85-F9BE9F4B1597}.Debug|Any CPU.ActiveCfg = Debug|Any CPU
		{BEE17875-E4FB-45D1-8B85-F9BE9F4B1597}.Debug|Any CPU.Build.0 = Debug|Any CPU
		{BEE17875-E4FB-45D1-8B85-F9BE9F4B1597}.Release|Any CPU.ActiveCfg = Release|Any CPU
		{BEE17875-E4FB-45D1-8B85-F9BE9F4B1597}.Release|Any CPU.Build.0 = Release|Any CPU
		{1E66CD72-0621-4900-B93E-DBC02886E1A9}.Debug|Any CPU.ActiveCfg = Debug|Any CPU
		{1E66CD72-0621-4900-B93E-DBC02886E1A9}.Debug|Any CPU.Build.0 = Debug|Any CPU
		{1E66CD72-0621-4900-B93E-DBC02886E1A9}.Release|Any CPU.ActiveCfg = Release|Any CPU
		{1E66CD72-0621-4900-B93E-DBC02886E1A9}.Release|Any CPU.Build.0 = Release|Any CPU
		{38A8827B-546F-436E-B3D3-401BB076DA82}.Debug|Any CPU.ActiveCfg = Debug|Any CPU
		{38A8827B-546F-436E-B3D3-401BB076DA82}.Debug|Any CPU.Build.0 = Debug|Any CPU
		{38A8827B-546F-436E-B3D3-401BB076DA82}.Release|Any CPU.ActiveCfg = Release|Any CPU
		{38A8827B-546F-436E-B3D3-401BB076DA82}.Release|Any CPU.Build.0 = Release|Any CPU
		{88EE6745-6968-4F7D-85F4-70B2129C2981}.Debug|Any CPU.ActiveCfg = Debug|Any CPU
		{88EE6745-6968-4F7D-85F4-70B2129C2981}.Debug|Any CPU.Build.0 = Debug|Any CPU
		{88EE6745-6968-4F7D-85F4-70B2129C2981}.Release|Any CPU.ActiveCfg = Release|Any CPU
		{88EE6745-6968-4F7D-85F4-70B2129C2981}.Release|Any CPU.Build.0 = Release|Any CPU
		{F4C747C6-86AA-4192-8075-EE6E285B4740}.Debug|Any CPU.ActiveCfg = Debug|Any CPU
		{F4C747C6-86AA-4192-8075-EE6E285B4740}.Debug|Any CPU.Build.0 = Debug|Any CPU
		{F4C747C6-86AA-4192-8075-EE6E285B4740}.Release|Any CPU.ActiveCfg = Release|Any CPU
		{F4C747C6-86AA-4192-8075-EE6E285B4740}.Release|Any CPU.Build.0 = Release|Any CPU
		{5BA6FC2E-D82C-4D28-AE64-A712CA9D2295}.Debug|Any CPU.ActiveCfg = Debug|Any CPU
		{5BA6FC2E-D82C-4D28-AE64-A712CA9D2295}.Debug|Any CPU.Build.0 = Debug|Any CPU
		{5BA6FC2E-D82C-4D28-AE64-A712CA9D2295}.Release|Any CPU.ActiveCfg = Release|Any CPU
		{5BA6FC2E-D82C-4D28-AE64-A712CA9D2295}.Release|Any CPU.Build.0 = Release|Any CPU
		{5F0ED115-ADBD-4745-BDDE-71E1351BB35E}.Debug|Any CPU.ActiveCfg = Debug|Any CPU
		{5F0ED115-ADBD-4745-BDDE-71E1351BB35E}.Debug|Any CPU.Build.0 = Debug|Any CPU
		{5F0ED115-ADBD-4745-BDDE-71E1351BB35E}.Release|Any CPU.ActiveCfg = Release|Any CPU
		{5F0ED115-ADBD-4745-BDDE-71E1351BB35E}.Release|Any CPU.Build.0 = Release|Any CPU
		{1792D6B3-3197-4C2F-8ADB-6E9E9348C7F7}.Debug|Any CPU.ActiveCfg = Debug|Any CPU
		{1792D6B3-3197-4C2F-8ADB-6E9E9348C7F7}.Debug|Any CPU.Build.0 = Debug|Any CPU
		{1792D6B3-3197-4C2F-8ADB-6E9E9348C7F7}.Release|Any CPU.ActiveCfg = Release|Any CPU
		{1792D6B3-3197-4C2F-8ADB-6E9E9348C7F7}.Release|Any CPU.Build.0 = Release|Any CPU
		{9E964B0B-AAAB-4F7A-AC59-EC5C6E87F2B8}.Debug|Any CPU.ActiveCfg = Debug|Any CPU
		{9E964B0B-AAAB-4F7A-AC59-EC5C6E87F2B8}.Debug|Any CPU.Build.0 = Debug|Any CPU
		{9E964B0B-AAAB-4F7A-AC59-EC5C6E87F2B8}.Release|Any CPU.ActiveCfg = Release|Any CPU
		{9E964B0B-AAAB-4F7A-AC59-EC5C6E87F2B8}.Release|Any CPU.Build.0 = Release|Any CPU
		{C2205D71-FD53-44CF-A56A-2DC853938147}.Debug|Any CPU.ActiveCfg = Debug|Any CPU
		{C2205D71-FD53-44CF-A56A-2DC853938147}.Debug|Any CPU.Build.0 = Debug|Any CPU
		{C2205D71-FD53-44CF-A56A-2DC853938147}.Release|Any CPU.ActiveCfg = Release|Any CPU
		{C2205D71-FD53-44CF-A56A-2DC853938147}.Release|Any CPU.Build.0 = Release|Any CPU
		{EB4D1700-201C-4571-8F9E-045A5C1AC1CA}.Debug|Any CPU.ActiveCfg = Debug|Any CPU
		{EB4D1700-201C-4571-8F9E-045A5C1AC1CA}.Debug|Any CPU.Build.0 = Debug|Any CPU
		{EB4D1700-201C-4571-8F9E-045A5C1AC1CA}.Release|Any CPU.ActiveCfg = Release|Any CPU
		{EB4D1700-201C-4571-8F9E-045A5C1AC1CA}.Release|Any CPU.Build.0 = Release|Any CPU
		{A016ECE6-C730-499B-8890-D5E8C32699C2}.Debug|Any CPU.ActiveCfg = Debug|Any CPU
		{A016ECE6-C730-499B-8890-D5E8C32699C2}.Debug|Any CPU.Build.0 = Debug|Any CPU
		{A016ECE6-C730-499B-8890-D5E8C32699C2}.Release|Any CPU.ActiveCfg = Release|Any CPU
		{A016ECE6-C730-499B-8890-D5E8C32699C2}.Release|Any CPU.Build.0 = Release|Any CPU
		{C65EFFDF-8C79-4D0C-975F-DE070471CA3E}.Debug|Any CPU.ActiveCfg = Debug|Any CPU
		{C65EFFDF-8C79-4D0C-975F-DE070471CA3E}.Debug|Any CPU.Build.0 = Debug|Any CPU
		{C65EFFDF-8C79-4D0C-975F-DE070471CA3E}.Release|Any CPU.ActiveCfg = Release|Any CPU
		{C65EFFDF-8C79-4D0C-975F-DE070471CA3E}.Release|Any CPU.Build.0 = Release|Any CPU
		{EEDF7BA9-CC87-4505-AD49-A7103D15C75A}.Debug|Any CPU.ActiveCfg = Debug|Any CPU
		{EEDF7BA9-CC87-4505-AD49-A7103D15C75A}.Debug|Any CPU.Build.0 = Debug|Any CPU
		{EEDF7BA9-CC87-4505-AD49-A7103D15C75A}.Release|Any CPU.ActiveCfg = Release|Any CPU
		{EEDF7BA9-CC87-4505-AD49-A7103D15C75A}.Release|Any CPU.Build.0 = Release|Any CPU
		{A339A22F-D775-4255-B094-279A498F5CE1}.Debug|Any CPU.ActiveCfg = Debug|Any CPU
		{A339A22F-D775-4255-B094-279A498F5CE1}.Debug|Any CPU.Build.0 = Debug|Any CPU
		{A339A22F-D775-4255-B094-279A498F5CE1}.Release|Any CPU.ActiveCfg = Release|Any CPU
		{A339A22F-D775-4255-B094-279A498F5CE1}.Release|Any CPU.Build.0 = Release|Any CPU
		{F28B254E-4D29-40FB-905E-A2E45F0333E5}.Debug|Any CPU.ActiveCfg = Debug|Any CPU
		{F28B254E-4D29-40FB-905E-A2E45F0333E5}.Debug|Any CPU.Build.0 = Debug|Any CPU
		{F28B254E-4D29-40FB-905E-A2E45F0333E5}.Release|Any CPU.ActiveCfg = Release|Any CPU
		{F28B254E-4D29-40FB-905E-A2E45F0333E5}.Release|Any CPU.Build.0 = Release|Any CPU
		{E7C7C1C9-12AD-470A-B438-A04CD1B86EAC}.Debug|Any CPU.ActiveCfg = Debug|Any CPU
		{E7C7C1C9-12AD-470A-B438-A04CD1B86EAC}.Debug|Any CPU.Build.0 = Debug|Any CPU
		{E7C7C1C9-12AD-470A-B438-A04CD1B86EAC}.Release|Any CPU.ActiveCfg = Release|Any CPU
		{E7C7C1C9-12AD-470A-B438-A04CD1B86EAC}.Release|Any CPU.Build.0 = Release|Any CPU
		{9D31825A-828A-4E96-8555-713C6414D188}.Debug|Any CPU.ActiveCfg = Debug|Any CPU
		{9D31825A-828A-4E96-8555-713C6414D188}.Debug|Any CPU.Build.0 = Debug|Any CPU
		{9D31825A-828A-4E96-8555-713C6414D188}.Release|Any CPU.ActiveCfg = Release|Any CPU
		{9D31825A-828A-4E96-8555-713C6414D188}.Release|Any CPU.Build.0 = Release|Any CPU
		{21215779-772D-427C-ABC6-39E7B8D3A975}.Debug|Any CPU.ActiveCfg = Debug|Any CPU
		{21215779-772D-427C-ABC6-39E7B8D3A975}.Debug|Any CPU.Build.0 = Debug|Any CPU
		{21215779-772D-427C-ABC6-39E7B8D3A975}.Release|Any CPU.ActiveCfg = Release|Any CPU
		{21215779-772D-427C-ABC6-39E7B8D3A975}.Release|Any CPU.Build.0 = Release|Any CPU
		{19905397-F61A-4771-88F0-2399D28330A4}.Debug|Any CPU.ActiveCfg = Debug|Any CPU
		{19905397-F61A-4771-88F0-2399D28330A4}.Debug|Any CPU.Build.0 = Debug|Any CPU
		{19905397-F61A-4771-88F0-2399D28330A4}.Release|Any CPU.ActiveCfg = Release|Any CPU
		{19905397-F61A-4771-88F0-2399D28330A4}.Release|Any CPU.Build.0 = Release|Any CPU
		{A9B6C476-113B-4DB3-A12B-641A1FF08BD1}.Debug|Any CPU.ActiveCfg = Debug|Any CPU
		{A9B6C476-113B-4DB3-A12B-641A1FF08BD1}.Debug|Any CPU.Build.0 = Debug|Any CPU
		{A9B6C476-113B-4DB3-A12B-641A1FF08BD1}.Release|Any CPU.ActiveCfg = Release|Any CPU
		{A9B6C476-113B-4DB3-A12B-641A1FF08BD1}.Release|Any CPU.Build.0 = Release|Any CPU
		{3982503E-0A8F-4EFD-89C4-90150480DE5B}.Debug|Any CPU.ActiveCfg = Debug|Any CPU
		{3982503E-0A8F-4EFD-89C4-90150480DE5B}.Debug|Any CPU.Build.0 = Debug|Any CPU
		{3982503E-0A8F-4EFD-89C4-90150480DE5B}.Release|Any CPU.ActiveCfg = Release|Any CPU
		{3982503E-0A8F-4EFD-89C4-90150480DE5B}.Release|Any CPU.Build.0 = Release|Any CPU
	EndGlobalSection
	GlobalSection(SolutionProperties) = preSolution
		HideSolutionNode = FALSE
	EndGlobalSection
	GlobalSection(ExtensibilityGlobals) = postSolution
		SolutionGuid = {1657BB4D-AA4F-4FB1-A092-8265B32E9D8D}
	EndGlobalSection
EndGlobal
